[root]
name = "wbs-backup"
version = "0.0.0"
dependencies = [
 "rustc-serialize 0.2.12 (registry+https://github.com/rust-lang/crates.io-index)",
 "time 0.1.15 (git+https://github.com/rust-lang/time)",
]

[[package]]
name = "gcc"
version = "0.1.7"
source = "registry+https://github.com/rust-lang/crates.io-index"

[[package]]
name = "libc"
version = "0.1.1"
source = "registry+https://github.com/rust-lang/crates.io-index"

[[package]]
name = "rustc-serialize"
version = "0.2.12"
source = "registry+https://github.com/rust-lang/crates.io-index"

[[package]]
name = "time"
version = "0.1.15"
source = "git+https://github.com/rust-lang/time#c716bff042569d6d30218f8ca43bbd7a829bf946"
dependencies = [
 "gcc 0.1.7 (registry+https://github.com/rust-lang/crates.io-index)",
 "libc 0.1.1 (registry+https://github.com/rust-lang/crates.io-index)",
]

